# This file is automatically @generated by Cargo.
# It is not intended for manual editing.
version = 4

[[package]]
name = "cli"
version = "0.1.0"
dependencies = [
 "spreadsheet_lib",
]

[[package]]
name = "server"
version = "0.1.0"
dependencies = [
 "spreadsheet_lib",
]

[[package]]
name = "spreadsheet_lib"
version = "0.1.0"
